
Microsoft Visual Studio Solution File, Format Version 12.00
# Visual Studio Version 16
VisualStudioVersion = 16.0.32413.511
MinimumVisualStudioVersion = 10.0.40219.1
Project("{FAE04EC0-301F-11D3-BF4B-00C04F79EFBC}") = "Class1", "Class1\Class1.csproj", "{AB9F80E5-1FA3-4EB5-A6B4-5AAF9B35908F}"
EndProject
Global
	GlobalSection(SolutionConfigurationPlatforms) = preSolution
		Debug|Any CPU = Debug|Any CPU
		Release|Any CPU = Release|Any CPU
	EndGlobalSection
	GlobalSection(ProjectConfigurationPlatforms) = postSolution
		{AB9F80E5-1FA3-4EB5-A6B4-5AAF9B35908F}.Debug|Any CPU.ActiveCfg = Debug|Any CPU
		{AB9F80E5-1FA3-4EB5-A6B4-5AAF9B35908F}.Debug|Any CPU.Build.0 = Debug|Any CPU
		{AB9F80E5-1FA3-4EB5-A6B4-5AAF9B35908F}.Release|Any CPU.ActiveCfg = Release|Any CPU
		{AB9F80E5-1FA3-4EB5-A6B4-5AAF9B35908F}.Release|Any CPU.Build.0 = Release|Any CPU
	EndGlobalSection
	GlobalSection(SolutionProperties) = preSolution
		HideSolutionNode = FALSE
	EndGlobalSection
	GlobalSection(ExtensibilityGlobals) = postSolution
		SolutionGuid = {494F3B21-883F-4954-969D-F139AF01080A}
	EndGlobalSection
EndGlobal
